
Microsoft Visual Studio Solution File, Format Version 12.00
# Visual Studio Version 17
VisualStudioVersion = 17.13.35919.96
MinimumVisualStudioVersion = 10.0.40219.1
Project("{FAE04EC0-301F-11D3-BF4B-00C04F79EFBC}") = "b1", "b1\b1.csproj", "{4B98A37B-89C5-4689-9A27-7486D5FF72E0}"
EndProject
Project("{FAE04EC0-301F-11D3-BF4B-00C04F79EFBC}") = "b2", "b2\b2.csproj", "{A2302E36-5F75-4999-B8CA-AE99A8F5D020}"
EndProject
Project("{FAE04EC0-301F-11D3-BF4B-00C04F79EFBC}") = "b3", "b3\b3.csproj", "{4C374466-D333-4D86-9AA9-AA59D78390D2}"
EndProject
Project("{FAE04EC0-301F-11D3-BF4B-00C04F79EFBC}") = "b4", "b4\b4.csproj", "{34C2A91A-7AED-4BA8-AFB4-7368758B2FF2}"
EndProject
Project("{FAE04EC0-301F-11D3-BF4B-00C04F79EFBC}") = "b5", "b5\b5.csproj", "{BB803571-471D-4E62-8F9D-22B585DD5DFE}"
EndProject
Project("{FAE04EC0-301F-11D3-BF4B-00C04F79EFBC}") = "b6", "b6\b6.csproj", "{4D3A3854-BB3A-447B-909E-ABCB90419E6C}"
EndProject
Project("{FAE04EC0-301F-11D3-BF4B-00C04F79EFBC}") = "b7", "b7\b7.csproj", "{0172A83B-D663-4A9C-AC86-A7D621217501}"
EndProject
Project("{FAE04EC0-301F-11D3-BF4B-00C04F79EFBC}") = "b8", "b8\b8.csproj", "{46F3204B-EB34-4568-A0E9-A5E46E2F5239}"
EndProject
Project("{FAE04EC0-301F-11D3-BF4B-00C04F79EFBC}") = "b9", "b9\b9.csproj", "{98DC8044-954C-408B-A273-7B7AA931CF1B}"
EndProject
Project("{FAE04EC0-301F-11D3-BF4B-00C04F79EFBC}") = "b10", "b10\b10.csproj", "{A4A641C1-5EFD-4AA7-9B6D-62B13231BD10}"
EndProject
Project("{FAE04EC0-301F-11D3-BF4B-00C04F79EFBC}") = "b11", "b11\b11.csproj", "{8631B1D2-6BDD-45E6-A028-D878D23C4CDC}"
EndProject
Project("{FAE04EC0-301F-11D3-BF4B-00C04F79EFBC}") = "b12", "b12\b12.csproj", "{0E9DAD48-BE63-4B8C-B1C9-0B96489A0733}"
EndProject
Project("{FAE04EC0-301F-11D3-BF4B-00C04F79EFBC}") = "b13", "b13\b13.csproj", "{F5BDD527-F19E-4649-B619-20648CA5BE02}"
EndProject
Project("{FAE04EC0-301F-11D3-BF4B-00C04F79EFBC}") = "b14", "b14\b14.csproj", "{D5799F08-D53E-459A-B809-510CA8DC3320}"
EndProject
Project("{FAE04EC0-301F-11D3-BF4B-00C04F79EFBC}") = "b15", "b15\b15.csproj", "{06B560EF-78C2-4B25-B031-D7B1DA67A832}"
EndProject
Project("{FAE04EC0-301F-11D3-BF4B-00C04F79EFBC}") = "b16", "b16\b16.csproj", "{0BB5C10D-C723-4A13-A9EA-65F29D2DC884}"
EndProject
Project("{FAE04EC0-301F-11D3-BF4B-00C04F79EFBC}") = "b17", "b17\b17.csproj", "{257E2836-396F-412E-A02B-3E930C5F564B}"
EndProject
Project("{FAE04EC0-301F-11D3-BF4B-00C04F79EFBC}") = "b18", "b18\b18.csproj", "{90559A34-0AF9-4004-80A5-3CB9C99FE043}"
EndProject
Project("{FAE04EC0-301F-11D3-BF4B-00C04F79EFBC}") = "b19", "b19\b19.csproj", "{B381B090-2207-4624-A600-FB47E40C05AC}"
EndProject
Project("{FAE04EC0-301F-11D3-BF4B-00C04F79EFBC}") = "b20", "b20\b20.csproj", "{D91289FF-F4E7-4E51-95FB-68356D36A738}"
EndProject
Project("{FAE04EC0-301F-11D3-BF4B-00C04F79EFBC}") = "b21", "b21\b21.csproj", "{14747693-F370-4D91-AC1F-994073967DA5}"
EndProject
Project("{FAE04EC0-301F-11D3-BF4B-00C04F79EFBC}") = "b22", "b22\b22.csproj", "{F5F9A92A-C5A8-44A3-8C89-A293BB4D3596}"
EndProject
Global
	GlobalSection(SolutionConfigurationPlatforms) = preSolution
		Debug|Any CPU = Debug|Any CPU
		Release|Any CPU = Release|Any CPU
	EndGlobalSection
	GlobalSection(ProjectConfigurationPlatforms) = postSolution
		{4B98A37B-89C5-4689-9A27-7486D5FF72E0}.Debug|Any CPU.ActiveCfg = Debug|Any CPU
		{4B98A37B-89C5-4689-9A27-7486D5FF72E0}.Debug|Any CPU.Build.0 = Debug|Any CPU
		{4B98A37B-89C5-4689-9A27-7486D5FF72E0}.Release|Any CPU.ActiveCfg = Release|Any CPU
		{4B98A37B-89C5-4689-9A27-7486D5FF72E0}.Release|Any CPU.Build.0 = Release|Any CPU
		{A2302E36-5F75-4999-B8CA-AE99A8F5D020}.Debug|Any CPU.ActiveCfg = Debug|Any CPU
		{A2302E36-5F75-4999-B8CA-AE99A8F5D020}.Debug|Any CPU.Build.0 = Debug|Any CPU
		{A2302E36-5F75-4999-B8CA-AE99A8F5D020}.Release|Any CPU.ActiveCfg = Release|Any CPU
		{A2302E36-5F75-4999-B8CA-AE99A8F5D020}.Release|Any CPU.Build.0 = Release|Any CPU
		{4C374466-D333-4D86-9AA9-AA59D78390D2}.Debug|Any CPU.ActiveCfg = Debug|Any CPU
		{4C374466-D333-4D86-9AA9-AA59D78390D2}.Debug|Any CPU.Build.0 = Debug|Any CPU
		{4C374466-D333-4D86-9AA9-AA59D78390D2}.Release|Any CPU.ActiveCfg = Release|Any CPU
		{4C374466-D333-4D86-9AA9-AA59D78390D2}.Release|Any CPU.Build.0 = Release|Any CPU
		{34C2A91A-7AED-4BA8-AFB4-7368758B2FF2}.Debug|Any CPU.ActiveCfg = Debug|Any CPU
		{34C2A91A-7AED-4BA8-AFB4-7368758B2FF2}.Debug|Any CPU.Build.0 = Debug|Any CPU
		{34C2A91A-7AED-4BA8-AFB4-7368758B2FF2}.Release|Any CPU.ActiveCfg = Release|Any CPU
		{34C2A91A-7AED-4BA8-AFB4-7368758B2FF2}.Release|Any CPU.Build.0 = Release|Any CPU
		{BB803571-471D-4E62-8F9D-22B585DD5DFE}.Debug|Any CPU.ActiveCfg = Debug|Any CPU
		{BB803571-471D-4E62-8F9D-22B585DD5DFE}.Debug|Any CPU.Build.0 = Debug|Any CPU
		{BB803571-471D-4E62-8F9D-22B585DD5DFE}.Release|Any CPU.ActiveCfg = Release|Any CPU
		{BB803571-471D-4E62-8F9D-22B585DD5DFE}.Release|Any CPU.Build.0 = Release|Any CPU
		{4D3A3854-BB3A-447B-909E-ABCB90419E6C}.Debug|Any CPU.ActiveCfg = Debug|Any CPU
		{4D3A3854-BB3A-447B-909E-ABCB90419E6C}.Debug|Any CPU.Build.0 = Debug|Any CPU
		{4D3A3854-BB3A-447B-909E-ABCB90419E6C}.Release|Any CPU.ActiveCfg = Release|Any CPU
		{4D3A3854-BB3A-447B-909E-ABCB90419E6C}.Release|Any CPU.Build.0 = Release|Any CPU
		{0172A83B-D663-4A9C-AC86-A7D621217501}.Debug|Any CPU.ActiveCfg = Debug|Any CPU
		{0172A83B-D663-4A9C-AC86-A7D621217501}.Debug|Any CPU.Build.0 = Debug|Any CPU
		{0172A83B-D663-4A9C-AC86-A7D621217501}.Release|Any CPU.ActiveCfg = Release|Any CPU
		{0172A83B-D663-4A9C-AC86-A7D621217501}.Release|Any CPU.Build.0 = Release|Any CPU
		{46F3204B-EB34-4568-A0E9-A5E46E2F5239}.Debug|Any CPU.ActiveCfg = Debug|Any CPU
		{46F3204B-EB34-4568-A0E9-A5E46E2F5239}.Debug|Any CPU.Build.0 = Debug|Any CPU
		{46F3204B-EB34-4568-A0E9-A5E46E2F5239}.Release|Any CPU.ActiveCfg = Release|Any CPU
		{46F3204B-EB34-4568-A0E9-A5E46E2F5239}.Release|Any CPU.Build.0 = Release|Any CPU
		{98DC8044-954C-408B-A273-7B7AA931CF1B}.Debug|Any CPU.ActiveCfg = Debug|Any CPU
		{98DC8044-954C-408B-A273-7B7AA931CF1B}.Debug|Any CPU.Build.0 = Debug|Any CPU
		{98DC8044-954C-408B-A273-7B7AA931CF1B}.Release|Any CPU.ActiveCfg = Release|Any CPU
		{98DC8044-954C-408B-A273-7B7AA931CF1B}.Release|Any CPU.Build.0 = Release|Any CPU
		{A4A641C1-5EFD-4AA7-9B6D-62B13231BD10}.Debug|Any CPU.ActiveCfg = Debug|Any CPU
		{A4A641C1-5EFD-4AA7-9B6D-62B13231BD10}.Debug|Any CPU.Build.0 = Debug|Any CPU
		{A4A641C1-5EFD-4AA7-9B6D-62B13231BD10}.Release|Any CPU.ActiveCfg = Release|Any CPU
		{A4A641C1-5EFD-4AA7-9B6D-62B13231BD10}.Release|Any CPU.Build.0 = Release|Any CPU
		{8631B1D2-6BDD-45E6-A028-D878D23C4CDC}.Debug|Any CPU.ActiveCfg = Debug|Any CPU
		{8631B1D2-6BDD-45E6-A028-D878D23C4CDC}.Debug|Any CPU.Build.0 = Debug|Any CPU
		{8631B1D2-6BDD-45E6-A028-D878D23C4CDC}.Release|Any CPU.ActiveCfg = Release|Any CPU
		{8631B1D2-6BDD-45E6-A028-D878D23C4CDC}.Release|Any CPU.Build.0 = Release|Any CPU
		{0E9DAD48-BE63-4B8C-B1C9-0B96489A0733}.Debug|Any CPU.ActiveCfg = Debug|Any CPU
		{0E9DAD48-BE63-4B8C-B1C9-0B96489A0733}.Debug|Any CPU.Build.0 = Debug|Any CPU
		{0E9DAD48-BE63-4B8C-B1C9-0B96489A0733}.Release|Any CPU.ActiveCfg = Release|Any CPU
		{0E9DAD48-BE63-4B8C-B1C9-0B96489A0733}.Release|Any CPU.Build.0 = Release|Any CPU
		{F5BDD527-F19E-4649-B619-20648CA5BE02}.Debug|Any CPU.ActiveCfg = Debug|Any CPU
		{F5BDD527-F19E-4649-B619-20648CA5BE02}.Debug|Any CPU.Build.0 = Debug|Any CPU
		{F5BDD527-F19E-4649-B619-20648CA5BE02}.Release|Any CPU.ActiveCfg = Release|Any CPU
		{F5BDD527-F19E-4649-B619-20648CA5BE02}.Release|Any CPU.Build.0 = Release|Any CPU
		{D5799F08-D53E-459A-B809-510CA8DC3320}.Debug|Any CPU.ActiveCfg = Debug|Any CPU
		{D5799F08-D53E-459A-B809-510CA8DC3320}.Debug|Any CPU.Build.0 = Debug|Any CPU
		{D5799F08-D53E-459A-B809-510CA8DC3320}.Release|Any CPU.ActiveCfg = Release|Any CPU
		{D5799F08-D53E-459A-B809-510CA8DC3320}.Release|Any CPU.Build.0 = Release|Any CPU
		{06B560EF-78C2-4B25-B031-D7B1DA67A832}.Debug|Any CPU.ActiveCfg = Debug|Any CPU
		{06B560EF-78C2-4B25-B031-D7B1DA67A832}.Debug|Any CPU.Build.0 = Debug|Any CPU
		{06B560EF-78C2-4B25-B031-D7B1DA67A832}.Release|Any CPU.ActiveCfg = Release|Any CPU
		{06B560EF-78C2-4B25-B031-D7B1DA67A832}.Release|Any CPU.Build.0 = Release|Any CPU
		{0BB5C10D-C723-4A13-A9EA-65F29D2DC884}.Debug|Any CPU.ActiveCfg = Debug|Any CPU
		{0BB5C10D-C723-4A13-A9EA-65F29D2DC884}.Debug|Any CPU.Build.0 = Debug|Any CPU
		{0BB5C10D-C723-4A13-A9EA-65F29D2DC884}.Release|Any CPU.ActiveCfg = Release|Any CPU
		{0BB5C10D-C723-4A13-A9EA-65F29D2DC884}.Release|Any CPU.Build.0 = Release|Any CPU
		{257E2836-396F-412E-A02B-3E930C5F564B}.Debug|Any CPU.ActiveCfg = Debug|Any CPU
		{257E2836-396F-412E-A02B-3E930C5F564B}.Debug|Any CPU.Build.0 = Debug|Any CPU
		{257E2836-396F-412E-A02B-3E930C5F564B}.Release|Any CPU.ActiveCfg = Release|Any CPU
		{257E2836-396F-412E-A02B-3E930C5F564B}.Release|Any CPU.Build.0 = Release|Any CPU
		{90559A34-0AF9-4004-80A5-3CB9C99FE043}.Debug|Any CPU.ActiveCfg = Debug|Any CPU
		{90559A34-0AF9-4004-80A5-3CB9C99FE043}.Debug|Any CPU.Build.0 = Debug|Any CPU
		{90559A34-0AF9-4004-80A5-3CB9C99FE043}.Release|Any CPU.ActiveCfg = Release|Any CPU
		{90559A34-0AF9-4004-80A5-3CB9C99FE043}.Release|Any CPU.Build.0 = Release|Any CPU
		{B381B090-2207-4624-A600-FB47E40C05AC}.Debug|Any CPU.ActiveCfg = Debug|Any CPU
		{B381B090-2207-4624-A600-FB47E40C05AC}.Debug|Any CPU.Build.0 = Debug|Any CPU
		{B381B090-2207-4624-A600-FB47E40C05AC}.Release|Any CPU.ActiveCfg = Release|Any CPU
		{B381B090-2207-4624-A600-FB47E40C05AC}.Release|Any CPU.Build.0 = Release|Any CPU
		{D91289FF-F4E7-4E51-95FB-68356D36A738}.Debug|Any CPU.ActiveCfg = Debug|Any CPU
		{D91289FF-F4E7-4E51-95FB-68356D36A738}.Debug|Any CPU.Build.0 = Debug|Any CPU
		{D91289FF-F4E7-4E51-95FB-68356D36A738}.Release|Any CPU.ActiveCfg = Release|Any CPU
		{D91289FF-F4E7-4E51-95FB-68356D36A738}.Release|Any CPU.Build.0 = Release|Any CPU
		{14747693-F370-4D91-AC1F-994073967DA5}.Debug|Any CPU.ActiveCfg = Debug|Any CPU
		{14747693-F370-4D91-AC1F-994073967DA5}.Debug|Any CPU.Build.0 = Debug|Any CPU
		{14747693-F370-4D91-AC1F-994073967DA5}.Release|Any CPU.ActiveCfg = Release|Any CPU
		{14747693-F370-4D91-AC1F-994073967DA5}.Release|Any CPU.Build.0 = Release|Any CPU
		{F5F9A92A-C5A8-44A3-8C89-A293BB4D3596}.Debug|Any CPU.ActiveCfg = Debug|Any CPU
		{F5F9A92A-C5A8-44A3-8C89-A293BB4D3596}.Debug|Any CPU.Build.0 = Debug|Any CPU
		{F5F9A92A-C5A8-44A3-8C89-A293BB4D3596}.Release|Any CPU.ActiveCfg = Release|Any CPU
		{F5F9A92A-C5A8-44A3-8C89-A293BB4D3596}.Release|Any CPU.Build.0 = Release|Any CPU
	EndGlobalSection
	GlobalSection(SolutionProperties) = preSolution
		HideSolutionNode = FALSE
	EndGlobalSection
	GlobalSection(ExtensibilityGlobals) = postSolution
		SolutionGuid = {BBE42C7B-7A2E-481C-9654-6394262B8AFB}
	EndGlobalSection
EndGlobal
